
Microsoft Visual Studio Solution File, Format Version 12.00
# Visual Studio Version 16
VisualStudioVersion = 16.0.30717.126
MinimumVisualStudioVersion = 10.0.40219.1
Project("{888888A0-9F3D-457C-B088-3A5042F75D52}") = "Functions", "Functions\Functions.pyproj", "{AD60ABEF-DDAF-4313-A875-A3A90472E254}"
EndProject
Global
	GlobalSection(SolutionConfigurationPlatforms) = preSolution
		Debug|Any CPU = Debug|Any CPU
		Release|Any CPU = Release|Any CPU
	EndGlobalSection
	GlobalSection(ProjectConfigurationPlatforms) = postSolution
		{AD60ABEF-DDAF-4313-A875-A3A90472E254}.Debug|Any CPU.ActiveCfg = Debug|Any CPU
		{AD60ABEF-DDAF-4313-A875-A3A90472E254}.Release|Any CPU.ActiveCfg = Release|Any CPU
	EndGlobalSection
	GlobalSection(SolutionProperties) = preSolution
		HideSolutionNode = FALSE
	EndGlobalSection
	GlobalSection(ExtensibilityGlobals) = postSolution
		SolutionGuid = {BD4E81C9-21B5-40AE-9FF2-07CFBC7B7437}
	EndGlobalSection
EndGlobal
